
Microsoft Visual Studio Solution File, Format Version 12.00
# Visual Studio Version 16
VisualStudioVersion = 16.0.31410.357
MinimumVisualStudioVersion = 10.0.40219.1
Project("{9A19103F-16F7-4668-BE54-9A1E7A4F7556}") = "LedQueue", "LedQueue.csproj", "{C375FBB4-90B9-4135-AA1E-A3ACD3BE0390}"
EndProject
Global
	GlobalSection(SolutionConfigurationPlatforms) = preSolution
		Debug|Any CPU = Debug|Any CPU
		Release|Any CPU = Release|Any CPU
	EndGlobalSection
	GlobalSection(ProjectConfigurationPlatforms) = postSolution
		{C375FBB4-90B9-4135-AA1E-A3ACD3BE0390}.Debug|Any CPU.ActiveCfg = Debug|Any CPU
		{C375FBB4-90B9-4135-AA1E-A3ACD3BE0390}.Debug|Any CPU.Build.0 = Debug|Any CPU
		{C375FBB4-90B9-4135-AA1E-A3ACD3BE0390}.Release|Any CPU.ActiveCfg = Release|Any CPU
		{C375FBB4-90B9-4135-AA1E-A3ACD3BE0390}.Release|Any CPU.Build.0 = Release|Any CPU
	EndGlobalSection
	GlobalSection(SolutionProperties) = preSolution
		HideSolutionNode = FALSE
	EndGlobalSection
	GlobalSection(ExtensibilityGlobals) = postSolution
		SolutionGuid = {801AAE54-EAD4-44FE-ABC5-AA2B8F08586C}
	EndGlobalSection
EndGlobal
